
Microsoft Visual Studio Solution File, Format Version 12.00
# Visual Studio 2012
Project("{FAE04EC0-301F-11D3-BF4B-00C04F79EFBC}") = "Pole", "Pole\Pole.csproj", "{DBA498BF-5676-4FB2-B497-2DDDE77BE60A}"
EndProject
Global
	GlobalSection(SolutionConfigurationPlatforms) = preSolution
		Debug|Any CPU = Debug|Any CPU
		Release|Any CPU = Release|Any CPU
	EndGlobalSection
	GlobalSection(ProjectConfigurationPlatforms) = postSolution
		{DBA498BF-5676-4FB2-B497-2DDDE77BE60A}.Debug|Any CPU.ActiveCfg = Debug|Any CPU
		{DBA498BF-5676-4FB2-B497-2DDDE77BE60A}.Debug|Any CPU.Build.0 = Debug|Any CPU
		{DBA498BF-5676-4FB2-B497-2DDDE77BE60A}.Release|Any CPU.ActiveCfg = Release|Any CPU
		{DBA498BF-5676-4FB2-B497-2DDDE77BE60A}.Release|Any CPU.Build.0 = Release|Any CPU
	EndGlobalSection
	GlobalSection(SolutionProperties) = preSolution
		HideSolutionNode = FALSE
	EndGlobalSection
EndGlobal
