
Microsoft Visual Studio Solution File, Format Version 12.00
# Visual Studio 2013
VisualStudioVersion = 12.0.31101.0
MinimumVisualStudioVersion = 10.0.40219.1
Project("{FAE04EC0-301F-11D3-BF4B-00C04F79EFBC}") = "NDependTest", "NDependTest\NDependTest.csproj", "{7BDC28CB-1CEE-43EC-B730-3AEDB6F9D706}"
EndProject
Project("{FAE04EC0-301F-11D3-BF4B-00C04F79EFBC}") = "Employee", "Employee\Employee.csproj", "{2C86B3F8-D309-4BDF-A786-589F250B4F60}"
EndProject
Project("{FAE04EC0-301F-11D3-BF4B-00C04F79EFBC}") = "Gui", "Gui\Gui.csproj", "{AC795033-D5D3-4DFA-A56A-025F5106A23F}"
EndProject
Global
	GlobalSection(SolutionConfigurationPlatforms) = preSolution
		Debug|Any CPU = Debug|Any CPU
		Release|Any CPU = Release|Any CPU
	EndGlobalSection
	GlobalSection(ProjectConfigurationPlatforms) = postSolution
		{7BDC28CB-1CEE-43EC-B730-3AEDB6F9D706}.Debug|Any CPU.ActiveCfg = Debug|Any CPU
		{7BDC28CB-1CEE-43EC-B730-3AEDB6F9D706}.Debug|Any CPU.Build.0 = Debug|Any CPU
		{7BDC28CB-1CEE-43EC-B730-3AEDB6F9D706}.Release|Any CPU.ActiveCfg = Release|Any CPU
		{7BDC28CB-1CEE-43EC-B730-3AEDB6F9D706}.Release|Any CPU.Build.0 = Release|Any CPU
		{2C86B3F8-D309-4BDF-A786-589F250B4F60}.Debug|Any CPU.ActiveCfg = Debug|Any CPU
		{2C86B3F8-D309-4BDF-A786-589F250B4F60}.Debug|Any CPU.Build.0 = Debug|Any CPU
		{2C86B3F8-D309-4BDF-A786-589F250B4F60}.Release|Any CPU.ActiveCfg = Release|Any CPU
		{2C86B3F8-D309-4BDF-A786-589F250B4F60}.Release|Any CPU.Build.0 = Release|Any CPU
		{AC795033-D5D3-4DFA-A56A-025F5106A23F}.Debug|Any CPU.ActiveCfg = Debug|Any CPU
		{AC795033-D5D3-4DFA-A56A-025F5106A23F}.Debug|Any CPU.Build.0 = Debug|Any CPU
		{AC795033-D5D3-4DFA-A56A-025F5106A23F}.Release|Any CPU.ActiveCfg = Release|Any CPU
		{AC795033-D5D3-4DFA-A56A-025F5106A23F}.Release|Any CPU.Build.0 = Release|Any CPU
	EndGlobalSection
	GlobalSection(SolutionProperties) = preSolution
		HideSolutionNode = FALSE
	EndGlobalSection
EndGlobal
