
Microsoft Visual Studio Solution File, Format Version 12.00
# Visual Studio 2012
Project("{FAE04EC0-301F-11D3-BF4B-00C04F79EFBC}") = "FizzBuzz", "FizzBuzz\FizzBuzz.csproj", "{E72964F8-0301-480B-B087-BB071732C7F3}"
EndProject
Project("{2150E333-8FDC-42A3-9474-1A3956D46DE8}") = ".nuget", ".nuget", "{ACBBB7F0-E9A8-4A43-8F08-98AF17BE0BA6}"
	ProjectSection(SolutionItems) = preProject
		.nuget\packages.config = .nuget\packages.config
	EndProjectSection
EndProject
Project("{FAE04EC0-301F-11D3-BF4B-00C04F79EFBC}") = "FizzBuzzGame", "FizzBuzzGame\FizzBuzzGame.csproj", "{22C08850-52E0-41EA-80ED-51F501AFD0D4}"
EndProject
Global
	GlobalSection(SolutionConfigurationPlatforms) = preSolution
		Debug|Any CPU = Debug|Any CPU
		Release|Any CPU = Release|Any CPU
	EndGlobalSection
	GlobalSection(ProjectConfigurationPlatforms) = postSolution
		{E72964F8-0301-480B-B087-BB071732C7F3}.Debug|Any CPU.ActiveCfg = Debug|Any CPU
		{E72964F8-0301-480B-B087-BB071732C7F3}.Debug|Any CPU.Build.0 = Debug|Any CPU
		{E72964F8-0301-480B-B087-BB071732C7F3}.Release|Any CPU.ActiveCfg = Release|Any CPU
		{E72964F8-0301-480B-B087-BB071732C7F3}.Release|Any CPU.Build.0 = Release|Any CPU
		{22C08850-52E0-41EA-80ED-51F501AFD0D4}.Debug|Any CPU.ActiveCfg = Debug|Any CPU
		{22C08850-52E0-41EA-80ED-51F501AFD0D4}.Debug|Any CPU.Build.0 = Debug|Any CPU
		{22C08850-52E0-41EA-80ED-51F501AFD0D4}.Release|Any CPU.ActiveCfg = Release|Any CPU
		{22C08850-52E0-41EA-80ED-51F501AFD0D4}.Release|Any CPU.Build.0 = Release|Any CPU
	EndGlobalSection
	GlobalSection(SolutionProperties) = preSolution
		HideSolutionNode = FALSE
	EndGlobalSection
EndGlobal
