
Microsoft Visual Studio Solution File, Format Version 12.00
# Visual Studio 2012
Project("{FAE04EC0-301F-11D3-BF4B-00C04F79EFBC}") = "fizzbuzz", "fizzbuzz\fizzbuzz.csproj", "{903DAF82-0FED-4893-8C9F-79931D24E093}"
EndProject
Global
	GlobalSection(SolutionConfigurationPlatforms) = preSolution
		Debug|Any CPU = Debug|Any CPU
		Release|Any CPU = Release|Any CPU
	EndGlobalSection
	GlobalSection(ProjectConfigurationPlatforms) = postSolution
		{903DAF82-0FED-4893-8C9F-79931D24E093}.Debug|Any CPU.ActiveCfg = Debug|Any CPU
		{903DAF82-0FED-4893-8C9F-79931D24E093}.Debug|Any CPU.Build.0 = Debug|Any CPU
		{903DAF82-0FED-4893-8C9F-79931D24E093}.Release|Any CPU.ActiveCfg = Release|Any CPU
		{903DAF82-0FED-4893-8C9F-79931D24E093}.Release|Any CPU.Build.0 = Release|Any CPU
	EndGlobalSection
	GlobalSection(SolutionProperties) = preSolution
		HideSolutionNode = FALSE
	EndGlobalSection
EndGlobal
