
Microsoft Visual Studio Solution File, Format Version 12.00
# Visual Studio 2013
VisualStudioVersion = 12.0.31101.0
MinimumVisualStudioVersion = 10.0.40219.1
Project("{FAE04EC0-301F-11D3-BF4B-00C04F79EFBC}") = "LiskovConsoleApp", "..\Liskov\ConsoleApp\ConsoleApp\LiskovConsoleApp.csproj", "{2DD08776-20B0-4B0C-8FC7-0948B6655D5B}"
EndProject
Project("{FAE04EC0-301F-11D3-BF4B-00C04F79EFBC}") = "LiskovConsoleApp.Test", "..\Liskov\ConsoleApp\ConsoleApp.Test\LiskovConsoleApp.Test.csproj", "{0AB0D3C9-6F1A-4A38-83C8-76A8F82166EE}"
EndProject
Project("{FAE04EC0-301F-11D3-BF4B-00C04F79EFBC}") = "Rabaty", "Rabaty\Rabaty.csproj", "{6838FF4D-9F67-4DCD-8DAF-CA0093EDFD19}"
EndProject
Project("{FAE04EC0-301F-11D3-BF4B-00C04F79EFBC}") = "AspectMVCApp", "AspectMVCApp\AspectMVCApp.csproj", "{D2B8BEBA-B467-4678-945C-F70511B61CCA}"
EndProject
Global
	GlobalSection(SolutionConfigurationPlatforms) = preSolution
		Debug|Any CPU = Debug|Any CPU
		Release|Any CPU = Release|Any CPU
	EndGlobalSection
	GlobalSection(ProjectConfigurationPlatforms) = postSolution
		{2DD08776-20B0-4B0C-8FC7-0948B6655D5B}.Debug|Any CPU.ActiveCfg = Debug|Any CPU
		{2DD08776-20B0-4B0C-8FC7-0948B6655D5B}.Debug|Any CPU.Build.0 = Debug|Any CPU
		{2DD08776-20B0-4B0C-8FC7-0948B6655D5B}.Release|Any CPU.ActiveCfg = Release|Any CPU
		{2DD08776-20B0-4B0C-8FC7-0948B6655D5B}.Release|Any CPU.Build.0 = Release|Any CPU
		{0AB0D3C9-6F1A-4A38-83C8-76A8F82166EE}.Debug|Any CPU.ActiveCfg = Debug|Any CPU
		{0AB0D3C9-6F1A-4A38-83C8-76A8F82166EE}.Debug|Any CPU.Build.0 = Debug|Any CPU
		{0AB0D3C9-6F1A-4A38-83C8-76A8F82166EE}.Release|Any CPU.ActiveCfg = Release|Any CPU
		{0AB0D3C9-6F1A-4A38-83C8-76A8F82166EE}.Release|Any CPU.Build.0 = Release|Any CPU
		{6838FF4D-9F67-4DCD-8DAF-CA0093EDFD19}.Debug|Any CPU.ActiveCfg = Debug|Any CPU
		{6838FF4D-9F67-4DCD-8DAF-CA0093EDFD19}.Debug|Any CPU.Build.0 = Debug|Any CPU
		{6838FF4D-9F67-4DCD-8DAF-CA0093EDFD19}.Release|Any CPU.ActiveCfg = Release|Any CPU
		{6838FF4D-9F67-4DCD-8DAF-CA0093EDFD19}.Release|Any CPU.Build.0 = Release|Any CPU
		{D2B8BEBA-B467-4678-945C-F70511B61CCA}.Debug|Any CPU.ActiveCfg = Debug|Any CPU
		{D2B8BEBA-B467-4678-945C-F70511B61CCA}.Debug|Any CPU.Build.0 = Debug|Any CPU
		{D2B8BEBA-B467-4678-945C-F70511B61CCA}.Release|Any CPU.ActiveCfg = Release|Any CPU
		{D2B8BEBA-B467-4678-945C-F70511B61CCA}.Release|Any CPU.Build.0 = Release|Any CPU
	EndGlobalSection
	GlobalSection(SolutionProperties) = preSolution
		HideSolutionNode = FALSE
	EndGlobalSection
EndGlobal
